// !$*UTF8*$!
{
	archiveVersion = 1;
	classes = {
	};
	objectVersion = 56;
	objects = {

/* Begin PBXBuildFile section */
		5A58B44B5F75DD39C2A118DA /* Pods_PIHomeAssignment.framework in Frameworks */ = {isa = PBXBuildFile; fileRef = 47C542C40A99AFDA50F7EF01 /* Pods_PIHomeAssignment.framework */; };
		EE4FC45728F978250078C60C /* ProfileTrandingView.swift in Sources */ = {isa = PBXBuildFile; fileRef = EE4FC45628F978250078C60C /* ProfileTrandingView.swift */; };
		EE4FC45928F979B40078C60C /* Currency.swift in Sources */ = {isa = PBXBuildFile; fileRef = EE4FC45828F979B40078C60C /* Currency.swift */; };
		EE4FC45B28F97F3D0078C60C /* ProfileTrandingCell.swift in Sources */ = {isa = PBXBuildFile; fileRef = EE4FC45A28F97F3D0078C60C /* ProfileTrandingCell.swift */; };
		EE4FC45D28F987050078C60C /* ProfileArticlesView.swift in Sources */ = {isa = PBXBuildFile; fileRef = EE4FC45C28F987050078C60C /* ProfileArticlesView.swift */; };
		EE4FC45F28F987300078C60C /* Article.swift in Sources */ = {isa = PBXBuildFile; fileRef = EE4FC45E28F987300078C60C /* Article.swift */; };
		EE4FC46128F9A1DD0078C60C /* ProfileArticleCell.swift in Sources */ = {isa = PBXBuildFile; fileRef = EE4FC46028F9A1DD0078C60C /* ProfileArticleCell.swift */; };
		EE4FC46428F9ABA30078C60C /* MarketView.swift in Sources */ = {isa = PBXBuildFile; fileRef = EE4FC46328F9ABA30078C60C /* MarketView.swift */; };
		EE4FC46628F9ABBE0078C60C /* MarketCoordinator.swift in Sources */ = {isa = PBXBuildFile; fileRef = EE4FC46528F9ABBE0078C60C /* MarketCoordinator.swift */; };
		EE4FC46828F9BB980078C60C /* MarketCurrencyCell.swift in Sources */ = {isa = PBXBuildFile; fileRef = EE4FC46728F9BB970078C60C /* MarketCurrencyCell.swift */; };
		EE4FC46A28F9C07C0078C60C /* MarketCurrencyDetailsView.swift in Sources */ = {isa = PBXBuildFile; fileRef = EE4FC46928F9C07C0078C60C /* MarketCurrencyDetailsView.swift */; };
		EE4FC46D28F9F8390078C60C /* UINavigationBarExtensions.swift in Sources */ = {isa = PBXBuildFile; fileRef = EE4FC46C28F9F8390078C60C /* UINavigationBarExtensions.swift */; };
		EE4FC46F28F9FA8C0078C60C /* UITabBarExtensions.swift in Sources */ = {isa = PBXBuildFile; fileRef = EE4FC46E28F9FA8C0078C60C /* UITabBarExtensions.swift */; };
		EE4FC47128F9FC020078C60C /* MarketCurrencyDetailsHeaderView.swift in Sources */ = {isa = PBXBuildFile; fileRef = EE4FC47028F9FC020078C60C /* MarketCurrencyDetailsHeaderView.swift */; };
		EE4FC47428FA09F60078C60C /* RoundedCornerShape.swift in Sources */ = {isa = PBXBuildFile; fileRef = EE4FC47328FA09F60078C60C /* RoundedCornerShape.swift */; };
		EE4FC47628FA0F160078C60C /* MarketCurrencyDetailsAboutView.swift in Sources */ = {isa = PBXBuildFile; fileRef = EE4FC47528FA0F160078C60C /* MarketCurrencyDetailsAboutView.swift */; };
		EE4FC47828FA17E00078C60C /* MarketCurrencyDetailsFooterView.swift in Sources */ = {isa = PBXBuildFile; fileRef = EE4FC47728FA17E00078C60C /* MarketCurrencyDetailsFooterView.swift */; };
		EE4FC47A28FA1B620078C60C /* MarketCurrencyDetailsCalculatorView.swift in Sources */ = {isa = PBXBuildFile; fileRef = EE4FC47928FA1B620078C60C /* MarketCurrencyDetailsCalculatorView.swift */; };
		EE5B622728F86C1E009B422D /* PIHomeAssignmentApp.swift in Sources */ = {isa = PBXBuildFile; fileRef = EE5B622628F86C1E009B422D /* PIHomeAssignmentApp.swift */; };
		EE5B622928F86C1E009B422D /* ContentView.swift in Sources */ = {isa = PBXBuildFile; fileRef = EE5B622828F86C1E009B422D /* ContentView.swift */; };
		EE5B622B28F86C24009B422D /* Assets.xcassets in Resources */ = {isa = PBXBuildFile; fileRef = EE5B622A28F86C24009B422D /* Assets.xcassets */; };
		EE5B622E28F86C24009B422D /* Preview Assets.xcassets in Resources */ = {isa = PBXBuildFile; fileRef = EE5B622D28F86C24009B422D /* Preview Assets.xcassets */; };
		EE5B623728F87394009B422D /* R.generated.swift in Sources */ = {isa = PBXBuildFile; fileRef = EE5B623628F87394009B422D /* R.generated.swift */; };
		EE5B623928F873FB009B422D /* RSwiftExtensions.swift in Sources */ = {isa = PBXBuildFile; fileRef = EE5B623828F873FB009B422D /* RSwiftExtensions.swift */; };
		EE5B623C28F87478009B422D /* MainCoordinator.swift in Sources */ = {isa = PBXBuildFile; fileRef = EE5B623B28F87478009B422D /* MainCoordinator.swift */; };
		EE5B623E28F87515009B422D /* TabBarCoordinator.swift in Sources */ = {isa = PBXBuildFile; fileRef = EE5B623D28F87515009B422D /* TabBarCoordinator.swift */; };
		EE5B624228F87688009B422D /* OnboardingView.swift in Sources */ = {isa = PBXBuildFile; fileRef = EE5B624128F87688009B422D /* OnboardingView.swift */; };
		EE5B624428F87A43009B422D /* OnboardingPresentationManager.swift in Sources */ = {isa = PBXBuildFile; fileRef = EE5B624328F87A43009B422D /* OnboardingPresentationManager.swift */; };
		EE5B624728F87B0B009B422D /* UserDefaultsHelper.swift in Sources */ = {isa = PBXBuildFile; fileRef = EE5B624628F87B0B009B422D /* UserDefaultsHelper.swift */; };
		EE5B624928F8A058009B422D /* OnboardingPageView.swift in Sources */ = {isa = PBXBuildFile; fileRef = EE5B624828F8A058009B422D /* OnboardingPageView.swift */; };
		EE5B624C28F8A170009B422D /* Localizable.strings in Resources */ = {isa = PBXBuildFile; fileRef = EE5B624E28F8A170009B422D /* Localizable.strings */; };
		EE5B625128F8AD3B009B422D /* Constants.swift in Sources */ = {isa = PBXBuildFile; fileRef = EE5B625028F8AD3B009B422D /* Constants.swift */; };
		EE5B625528F95554009B422D /* ProfileView.swift in Sources */ = {isa = PBXBuildFile; fileRef = EE5B625428F95554009B422D /* ProfileView.swift */; };
		EE5B625728F95610009B422D /* ProfileHeaderView.swift in Sources */ = {isa = PBXBuildFile; fileRef = EE5B625628F95610009B422D /* ProfileHeaderView.swift */; };
		EE5B625928F95621009B422D /* ProfileBalanceView.swift in Sources */ = {isa = PBXBuildFile; fileRef = EE5B625828F95621009B422D /* ProfileBalanceView.swift */; };
		EE5B625B28F9563C009B422D /* SectionHeaderView.swift in Sources */ = {isa = PBXBuildFile; fileRef = EE5B625A28F9563C009B422D /* SectionHeaderView.swift */; };
		EE5B625E28F9567B009B422D /* User.swift in Sources */ = {isa = PBXBuildFile; fileRef = EE5B625D28F9567B009B422D /* User.swift */; };
		EE6C035928FAC92900FEC9B7 /* RepositoryProvider.swift in Sources */ = {isa = PBXBuildFile; fileRef = EE6C035828FAC92900FEC9B7 /* RepositoryProvider.swift */; };
		EE6C035B28FAC9DD00FEC9B7 /* ArticlesWebRepository.swift in Sources */ = {isa = PBXBuildFile; fileRef = EE6C035A28FAC9DD00FEC9B7 /* ArticlesWebRepository.swift */; };
		EE6C035D28FAC9EE00FEC9B7 /* ArticlesMemoryRepository.swift in Sources */ = {isa = PBXBuildFile; fileRef = EE6C035C28FAC9EE00FEC9B7 /* ArticlesMemoryRepository.swift */; };
		EE6C035F28FACA0600FEC9B7 /* ArticlesRepositoryProtocol.swift in Sources */ = {isa = PBXBuildFile; fileRef = EE6C035E28FACA0600FEC9B7 /* ArticlesRepositoryProtocol.swift */; };
		EE6C036128FACA1D00FEC9B7 /* ArticlesEndpoint.swift in Sources */ = {isa = PBXBuildFile; fileRef = EE6C036028FACA1D00FEC9B7 /* ArticlesEndpoint.swift */; };
		EE6C036428FACC4100FEC9B7 /* DependencyInjectionContainer.swift in Sources */ = {isa = PBXBuildFile; fileRef = EE6C036328FACC4100FEC9B7 /* DependencyInjectionContainer.swift */; };
		EE6C036728FACC8E00FEC9B7 /* RepositoriesAssembly.swift in Sources */ = {isa = PBXBuildFile; fileRef = EE6C036628FACC8E00FEC9B7 /* RepositoriesAssembly.swift */; };
		EE6C036928FACCAA00FEC9B7 /* ArticlesRepositoryAssembly.swift in Sources */ = {isa = PBXBuildFile; fileRef = EE6C036828FACCAA00FEC9B7 /* ArticlesRepositoryAssembly.swift */; };
		EE6C036B28FACDBB00FEC9B7 /* ProfileViewModel.swift in Sources */ = {isa = PBXBuildFile; fileRef = EE6C036A28FACDBB00FEC9B7 /* ProfileViewModel.swift */; };
		EE6C036F28FACEA500FEC9B7 /* ScenesAssembly.swift in Sources */ = {isa = PBXBuildFile; fileRef = EE6C036E28FACEA500FEC9B7 /* ScenesAssembly.swift */; };
		EE6C037128FACEC200FEC9B7 /* ProfileAssembly.swift in Sources */ = {isa = PBXBuildFile; fileRef = EE6C037028FACEC200FEC9B7 /* ProfileAssembly.swift */; };
		EE6C037428FB54F100FEC9B7 /* CurrenciesWebRepository.swift in Sources */ = {isa = PBXBuildFile; fileRef = EE6C037328FB54F100FEC9B7 /* CurrenciesWebRepository.swift */; };
		EE6C037628FB550400FEC9B7 /* CurrenciesMemoryRepository.swift in Sources */ = {isa = PBXBuildFile; fileRef = EE6C037528FB550400FEC9B7 /* CurrenciesMemoryRepository.swift */; };
		EE6C037828FB551A00FEC9B7 /* CurrenciesRepositoryProtocol.swift in Sources */ = {isa = PBXBuildFile; fileRef = EE6C037728FB551A00FEC9B7 /* CurrenciesRepositoryProtocol.swift */; };
		EE6C037A28FB55CD00FEC9B7 /* CurrenciesRepositoryAssembly.swift in Sources */ = {isa = PBXBuildFile; fileRef = EE6C037928FB55CD00FEC9B7 /* CurrenciesRepositoryAssembly.swift */; };
		EE6C037C28FB567000FEC9B7 /* MarketViewModel.swift in Sources */ = {isa = PBXBuildFile; fileRef = EE6C037B28FB567000FEC9B7 /* MarketViewModel.swift */; };
		EE6C037E28FB583D00FEC9B7 /* MarketAssembly.swift in Sources */ = {isa = PBXBuildFile; fileRef = EE6C037D28FB583D00FEC9B7 /* MarketAssembly.swift */; };
		EE6C038128FB58D900FEC9B7 /* OnFirstAppearModifier.swift in Sources */ = {isa = PBXBuildFile; fileRef = EE6C038028FB58D900FEC9B7 /* OnFirstAppearModifier.swift */; };
		EE6C038528FB5A8700FEC9B7 /* EmptyDataViewModifier.swift in Sources */ = {isa = PBXBuildFile; fileRef = EE6C038428FB5A8700FEC9B7 /* EmptyDataViewModifier.swift */; };
		EE6C038728FB623900FEC9B7 /* MarketCurrencyDetailsCalculatorTextField.swift in Sources */ = {isa = PBXBuildFile; fileRef = EE6C038628FB623900FEC9B7 /* MarketCurrencyDetailsCalculatorTextField.swift */; };
		EE6C038928FB667F00FEC9B7 /* MarketCurrencyDetailsCalculatorButton.swift in Sources */ = {isa = PBXBuildFile; fileRef = EE6C038828FB667F00FEC9B7 /* MarketCurrencyDetailsCalculatorButton.swift */; };
/* End PBXBuildFile section */

/* Begin PBXFileReference section */
		47840A4656F5063FEB1F2BCF /* Pods-PIHomeAssignment.debug.xcconfig */ = {isa = PBXFileReference; includeInIndex = 1; lastKnownFileType = text.xcconfig; name = "Pods-PIHomeAssignment.debug.xcconfig"; path = "Target Support Files/Pods-PIHomeAssignment/Pods-PIHomeAssignment.debug.xcconfig"; sourceTree = "<group>"; };
		47C542C40A99AFDA50F7EF01 /* Pods_PIHomeAssignment.framework */ = {isa = PBXFileReference; explicitFileType = wrapper.framework; includeInIndex = 0; path = Pods_PIHomeAssignment.framework; sourceTree = BUILT_PRODUCTS_DIR; };
		913B1806666EED582ADCCB02 /* Pods-PIHomeAssignment.release.xcconfig */ = {isa = PBXFileReference; includeInIndex = 1; lastKnownFileType = text.xcconfig; name = "Pods-PIHomeAssignment.release.xcconfig"; path = "Target Support Files/Pods-PIHomeAssignment/Pods-PIHomeAssignment.release.xcconfig"; sourceTree = "<group>"; };
		EE4FC45628F978250078C60C /* ProfileTrandingView.swift */ = {isa = PBXFileReference; lastKnownFileType = sourcecode.swift; path = ProfileTrandingView.swift; sourceTree = "<group>"; };
		EE4FC45828F979B40078C60C /* Currency.swift */ = {isa = PBXFileReference; lastKnownFileType = sourcecode.swift; path = Currency.swift; sourceTree = "<group>"; };
		EE4FC45A28F97F3D0078C60C /* ProfileTrandingCell.swift */ = {isa = PBXFileReference; lastKnownFileType = sourcecode.swift; path = ProfileTrandingCell.swift; sourceTree = "<group>"; };
		EE4FC45C28F987050078C60C /* ProfileArticlesView.swift */ = {isa = PBXFileReference; lastKnownFileType = sourcecode.swift; path = ProfileArticlesView.swift; sourceTree = "<group>"; };
		EE4FC45E28F987300078C60C /* Article.swift */ = {isa = PBXFileReference; lastKnownFileType = sourcecode.swift; path = Article.swift; sourceTree = "<group>"; };
		EE4FC46028F9A1DD0078C60C /* ProfileArticleCell.swift */ = {isa = PBXFileReference; lastKnownFileType = sourcecode.swift; path = ProfileArticleCell.swift; sourceTree = "<group>"; };
		EE4FC46328F9ABA30078C60C /* MarketView.swift */ = {isa = PBXFileReference; lastKnownFileType = sourcecode.swift; path = MarketView.swift; sourceTree = "<group>"; };
		EE4FC46528F9ABBE0078C60C /* MarketCoordinator.swift */ = {isa = PBXFileReference; lastKnownFileType = sourcecode.swift; path = MarketCoordinator.swift; sourceTree = "<group>"; };
		EE4FC46728F9BB970078C60C /* MarketCurrencyCell.swift */ = {isa = PBXFileReference; lastKnownFileType = sourcecode.swift; path = MarketCurrencyCell.swift; sourceTree = "<group>"; };
		EE4FC46928F9C07C0078C60C /* MarketCurrencyDetailsView.swift */ = {isa = PBXFileReference; lastKnownFileType = sourcecode.swift; path = MarketCurrencyDetailsView.swift; sourceTree = "<group>"; };
		EE4FC46C28F9F8390078C60C /* UINavigationBarExtensions.swift */ = {isa = PBXFileReference; lastKnownFileType = sourcecode.swift; path = UINavigationBarExtensions.swift; sourceTree = "<group>"; };
		EE4FC46E28F9FA8C0078C60C /* UITabBarExtensions.swift */ = {isa = PBXFileReference; lastKnownFileType = sourcecode.swift; path = UITabBarExtensions.swift; sourceTree = "<group>"; };
		EE4FC47028F9FC020078C60C /* MarketCurrencyDetailsHeaderView.swift */ = {isa = PBXFileReference; lastKnownFileType = sourcecode.swift; path = MarketCurrencyDetailsHeaderView.swift; sourceTree = "<group>"; };
		EE4FC47328FA09F60078C60C /* RoundedCornerShape.swift */ = {isa = PBXFileReference; lastKnownFileType = sourcecode.swift; path = RoundedCornerShape.swift; sourceTree = "<group>"; };
		EE4FC47528FA0F160078C60C /* MarketCurrencyDetailsAboutView.swift */ = {isa = PBXFileReference; lastKnownFileType = sourcecode.swift; path = MarketCurrencyDetailsAboutView.swift; sourceTree = "<group>"; };
		EE4FC47728FA17E00078C60C /* MarketCurrencyDetailsFooterView.swift */ = {isa = PBXFileReference; lastKnownFileType = sourcecode.swift; path = MarketCurrencyDetailsFooterView.swift; sourceTree = "<group>"; };
		EE4FC47928FA1B620078C60C /* MarketCurrencyDetailsCalculatorView.swift */ = {isa = PBXFileReference; lastKnownFileType = sourcecode.swift; path = MarketCurrencyDetailsCalculatorView.swift; sourceTree = "<group>"; };
		EE5B622328F86C1E009B422D /* PIHomeAssignment.app */ = {isa = PBXFileReference; explicitFileType = wrapper.application; includeInIndex = 0; path = PIHomeAssignment.app; sourceTree = BUILT_PRODUCTS_DIR; };
		EE5B622628F86C1E009B422D /* PIHomeAssignmentApp.swift */ = {isa = PBXFileReference; lastKnownFileType = sourcecode.swift; path = PIHomeAssignmentApp.swift; sourceTree = "<group>"; };
		EE5B622828F86C1E009B422D /* ContentView.swift */ = {isa = PBXFileReference; lastKnownFileType = sourcecode.swift; path = ContentView.swift; sourceTree = "<group>"; };
		EE5B622A28F86C24009B422D /* Assets.xcassets */ = {isa = PBXFileReference; lastKnownFileType = folder.assetcatalog; path = Assets.xcassets; sourceTree = "<group>"; };
		EE5B622D28F86C24009B422D /* Preview Assets.xcassets */ = {isa = PBXFileReference; lastKnownFileType = folder.assetcatalog; path = "Preview Assets.xcassets"; sourceTree = "<group>"; };
		EE5B623628F87394009B422D /* R.generated.swift */ = {isa = PBXFileReference; fileEncoding = 4; lastKnownFileType = sourcecode.swift; path = R.generated.swift; sourceTree = SOURCE_ROOT; };
		EE5B623828F873FB009B422D /* RSwiftExtensions.swift */ = {isa = PBXFileReference; lastKnownFileType = sourcecode.swift; path = RSwiftExtensions.swift; sourceTree = "<group>"; };
		EE5B623B28F87478009B422D /* MainCoordinator.swift */ = {isa = PBXFileReference; lastKnownFileType = sourcecode.swift; path = MainCoordinator.swift; sourceTree = "<group>"; };
		EE5B623D28F87515009B422D /* TabBarCoordinator.swift */ = {isa = PBXFileReference; lastKnownFileType = sourcecode.swift; path = TabBarCoordinator.swift; sourceTree = "<group>"; };
		EE5B624128F87688009B422D /* OnboardingView.swift */ = {isa = PBXFileReference; lastKnownFileType = sourcecode.swift; path = OnboardingView.swift; sourceTree = "<group>"; };
		EE5B624328F87A43009B422D /* OnboardingPresentationManager.swift */ = {isa = PBXFileReference; lastKnownFileType = sourcecode.swift; path = OnboardingPresentationManager.swift; sourceTree = "<group>"; };
		EE5B624628F87B0B009B422D /* UserDefaultsHelper.swift */ = {isa = PBXFileReference; lastKnownFileType = sourcecode.swift; path = UserDefaultsHelper.swift; sourceTree = "<group>"; };
		EE5B624828F8A058009B422D /* OnboardingPageView.swift */ = {isa = PBXFileReference; lastKnownFileType = sourcecode.swift; path = OnboardingPageView.swift; sourceTree = "<group>"; };
		EE5B624D28F8A170009B422D /* en */ = {isa = PBXFileReference; lastKnownFileType = text.plist.strings; name = en; path = en.lproj/Localizable.strings; sourceTree = "<group>"; };
		EE5B624F28F8A3ED009B422D /* Info.plist */ = {isa = PBXFileReference; lastKnownFileType = text.plist; path = Info.plist; sourceTree = "<group>"; };
		EE5B625028F8AD3B009B422D /* Constants.swift */ = {isa = PBXFileReference; lastKnownFileType = sourcecode.swift; path = Constants.swift; sourceTree = "<group>"; };
		EE5B625428F95554009B422D /* ProfileView.swift */ = {isa = PBXFileReference; lastKnownFileType = sourcecode.swift; path = ProfileView.swift; sourceTree = "<group>"; };
		EE5B625628F95610009B422D /* ProfileHeaderView.swift */ = {isa = PBXFileReference; lastKnownFileType = sourcecode.swift; path = ProfileHeaderView.swift; sourceTree = "<group>"; };
		EE5B625828F95621009B422D /* ProfileBalanceView.swift */ = {isa = PBXFileReference; lastKnownFileType = sourcecode.swift; path = ProfileBalanceView.swift; sourceTree = "<group>"; };
		EE5B625A28F9563C009B422D /* SectionHeaderView.swift */ = {isa = PBXFileReference; lastKnownFileType = sourcecode.swift; path = SectionHeaderView.swift; sourceTree = "<group>"; };
		EE5B625D28F9567B009B422D /* User.swift */ = {isa = PBXFileReference; lastKnownFileType = sourcecode.swift; path = User.swift; sourceTree = "<group>"; };
		EE6C035828FAC92900FEC9B7 /* RepositoryProvider.swift */ = {isa = PBXFileReference; lastKnownFileType = sourcecode.swift; path = RepositoryProvider.swift; sourceTree = "<group>"; };
		EE6C035A28FAC9DD00FEC9B7 /* ArticlesWebRepository.swift */ = {isa = PBXFileReference; lastKnownFileType = sourcecode.swift; path = ArticlesWebRepository.swift; sourceTree = "<group>"; };
		EE6C035C28FAC9EE00FEC9B7 /* ArticlesMemoryRepository.swift */ = {isa = PBXFileReference; lastKnownFileType = sourcecode.swift; path = ArticlesMemoryRepository.swift; sourceTree = "<group>"; };
		EE6C035E28FACA0600FEC9B7 /* ArticlesRepositoryProtocol.swift */ = {isa = PBXFileReference; lastKnownFileType = sourcecode.swift; path = ArticlesRepositoryProtocol.swift; sourceTree = "<group>"; };
		EE6C036028FACA1D00FEC9B7 /* ArticlesEndpoint.swift */ = {isa = PBXFileReference; lastKnownFileType = sourcecode.swift; path = ArticlesEndpoint.swift; sourceTree = "<group>"; };
		EE6C036328FACC4100FEC9B7 /* DependencyInjectionContainer.swift */ = {isa = PBXFileReference; lastKnownFileType = sourcecode.swift; path = DependencyInjectionContainer.swift; sourceTree = "<group>"; };
		EE6C036628FACC8E00FEC9B7 /* RepositoriesAssembly.swift */ = {isa = PBXFileReference; lastKnownFileType = sourcecode.swift; path = RepositoriesAssembly.swift; sourceTree = "<group>"; };
		EE6C036828FACCAA00FEC9B7 /* ArticlesRepositoryAssembly.swift */ = {isa = PBXFileReference; lastKnownFileType = sourcecode.swift; path = ArticlesRepositoryAssembly.swift; sourceTree = "<group>"; };
		EE6C036A28FACDBB00FEC9B7 /* ProfileViewModel.swift */ = {isa = PBXFileReference; lastKnownFileType = sourcecode.swift; path = ProfileViewModel.swift; sourceTree = "<group>"; };
		EE6C036E28FACEA500FEC9B7 /* ScenesAssembly.swift */ = {isa = PBXFileReference; lastKnownFileType = sourcecode.swift; path = ScenesAssembly.swift; sourceTree = "<group>"; };
		EE6C037028FACEC200FEC9B7 /* ProfileAssembly.swift */ = {isa = PBXFileReference; lastKnownFileType = sourcecode.swift; path = ProfileAssembly.swift; sourceTree = "<group>"; };
		EE6C037328FB54F100FEC9B7 /* CurrenciesWebRepository.swift */ = {isa = PBXFileReference; lastKnownFileType = sourcecode.swift; path = CurrenciesWebRepository.swift; sourceTree = "<group>"; };
		EE6C037528FB550400FEC9B7 /* CurrenciesMemoryRepository.swift */ = {isa = PBXFileReference; lastKnownFileType = sourcecode.swift; path = CurrenciesMemoryRepository.swift; sourceTree = "<group>"; };
		EE6C037728FB551A00FEC9B7 /* CurrenciesRepositoryProtocol.swift */ = {isa = PBXFileReference; lastKnownFileType = sourcecode.swift; path = CurrenciesRepositoryProtocol.swift; sourceTree = "<group>"; };
		EE6C037928FB55CD00FEC9B7 /* CurrenciesRepositoryAssembly.swift */ = {isa = PBXFileReference; lastKnownFileType = sourcecode.swift; path = CurrenciesRepositoryAssembly.swift; sourceTree = "<group>"; };
		EE6C037B28FB567000FEC9B7 /* MarketViewModel.swift */ = {isa = PBXFileReference; lastKnownFileType = sourcecode.swift; path = MarketViewModel.swift; sourceTree = "<group>"; };
		EE6C037D28FB583D00FEC9B7 /* MarketAssembly.swift */ = {isa = PBXFileReference; lastKnownFileType = sourcecode.swift; path = MarketAssembly.swift; sourceTree = "<group>"; };
		EE6C038028FB58D900FEC9B7 /* OnFirstAppearModifier.swift */ = {isa = PBXFileReference; lastKnownFileType = sourcecode.swift; path = OnFirstAppearModifier.swift; sourceTree = "<group>"; };
		EE6C038428FB5A8700FEC9B7 /* EmptyDataViewModifier.swift */ = {isa = PBXFileReference; lastKnownFileType = sourcecode.swift; path = EmptyDataViewModifier.swift; sourceTree = "<group>"; };
		EE6C038628FB623900FEC9B7 /* MarketCurrencyDetailsCalculatorTextField.swift */ = {isa = PBXFileReference; lastKnownFileType = sourcecode.swift; path = MarketCurrencyDetailsCalculatorTextField.swift; sourceTree = "<group>"; };
		EE6C038828FB667F00FEC9B7 /* MarketCurrencyDetailsCalculatorButton.swift */ = {isa = PBXFileReference; lastKnownFileType = sourcecode.swift; path = MarketCurrencyDetailsCalculatorButton.swift; sourceTree = "<group>"; };
/* End PBXFileReference section */

/* Begin PBXFrameworksBuildPhase section */
		EE5B622028F86C1E009B422D /* Frameworks */ = {
			isa = PBXFrameworksBuildPhase;
			buildActionMask = 2147483647;
			files = (
				5A58B44B5F75DD39C2A118DA /* Pods_PIHomeAssignment.framework in Frameworks */,
			);
			runOnlyForDeploymentPostprocessing = 0;
		};
/* End PBXFrameworksBuildPhase section */

/* Begin PBXGroup section */
		A6A23CF3D1F4D8D40B191514 /* Pods */ = {
			isa = PBXGroup;
			children = (
				47840A4656F5063FEB1F2BCF /* Pods-PIHomeAssignment.debug.xcconfig */,
				913B1806666EED582ADCCB02 /* Pods-PIHomeAssignment.release.xcconfig */,
			);
			path = Pods;
			sourceTree = "<group>";
		};
		C2F6C32D335AEC0E3815805F /* Frameworks */ = {
			isa = PBXGroup;
			children = (
				47C542C40A99AFDA50F7EF01 /* Pods_PIHomeAssignment.framework */,
			);
			name = Frameworks;
			sourceTree = "<group>";
		};
		EE4FC46228F9AB890078C60C /* Market */ = {
			isa = PBXGroup;
			children = (
				EE4FC47C28FA1B960078C60C /* Market */,
				EE4FC47B28FA1B690078C60C /* CurrencyDetails */,
			);
			path = Market;
			sourceTree = "<group>";
		};
		EE4FC46B28F9F8120078C60C /* Extensions */ = {
			isa = PBXGroup;
			children = (
				EE4FC46C28F9F8390078C60C /* UINavigationBarExtensions.swift */,
				EE4FC46E28F9FA8C0078C60C /* UITabBarExtensions.swift */,
			);
			path = Extensions;
			sourceTree = "<group>";
		};
		EE4FC47228FA09D50078C60C /* SharedViews */ = {
			isa = PBXGroup;
			children = (
				EE5B625A28F9563C009B422D /* SectionHeaderView.swift */,
				EE4FC47328FA09F60078C60C /* RoundedCornerShape.swift */,
			);
			path = SharedViews;
			sourceTree = "<group>";
		};
		EE4FC47B28FA1B690078C60C /* CurrencyDetails */ = {
			isa = PBXGroup;
			children = (
				EE4FC46928F9C07C0078C60C /* MarketCurrencyDetailsView.swift */,
				EE4FC47028F9FC020078C60C /* MarketCurrencyDetailsHeaderView.swift */,
				EE4FC47528FA0F160078C60C /* MarketCurrencyDetailsAboutView.swift */,
				EE4FC47728FA17E00078C60C /* MarketCurrencyDetailsFooterView.swift */,
				EE4FC47928FA1B620078C60C /* MarketCurrencyDetailsCalculatorView.swift */,
				EE6C038628FB623900FEC9B7 /* MarketCurrencyDetailsCalculatorTextField.swift */,
				EE6C038828FB667F00FEC9B7 /* MarketCurrencyDetailsCalculatorButton.swift */,
			);
			path = CurrencyDetails;
			sourceTree = "<group>";
		};
		EE4FC47C28FA1B960078C60C /* Market */ = {
			isa = PBXGroup;
			children = (
				EE4FC46328F9ABA30078C60C /* MarketView.swift */,
				EE4FC46728F9BB970078C60C /* MarketCurrencyCell.swift */,
				EE6C037B28FB567000FEC9B7 /* MarketViewModel.swift */,
			);
			path = Market;
			sourceTree = "<group>";
		};
		EE5B621A28F86C1E009B422D = {
			isa = PBXGroup;
			children = (
				EE5B622528F86C1E009B422D /* PIHomeAssignment */,
				EE5B622428F86C1E009B422D /* Products */,
				A6A23CF3D1F4D8D40B191514 /* Pods */,
				C2F6C32D335AEC0E3815805F /* Frameworks */,
			);
			sourceTree = "<group>";
		};
		EE5B622428F86C1E009B422D /* Products */ = {
			isa = PBXGroup;
			children = (
				EE5B622328F86C1E009B422D /* PIHomeAssignment.app */,
			);
			name = Products;
			sourceTree = "<group>";
		};
		EE5B622528F86C1E009B422D /* PIHomeAssignment */ = {
			isa = PBXGroup;
			children = (
				EE6C037F28FB58C500FEC9B7 /* Modifiers */,
				EE6C036228FACC2700FEC9B7 /* DependencyInjection */,
				EE6C035628FAC8F600FEC9B7 /* Repositories */,
				EE4FC47228FA09D50078C60C /* SharedViews */,
				EE5B624F28F8A3ED009B422D /* Info.plist */,
				EE5B625C28F9566A009B422D /* Models */,
				EE5B624528F87AC5009B422D /* Utility */,
				EE5B623F28F8766F009B422D /* Scenes */,
				EE5B623A28F87466009B422D /* Coordinators */,
				EE5B623528F87377009B422D /* R */,
				EE5B622628F86C1E009B422D /* PIHomeAssignmentApp.swift */,
				EE5B622828F86C1E009B422D /* ContentView.swift */,
				EE5B624E28F8A170009B422D /* Localizable.strings */,
				EE5B622A28F86C24009B422D /* Assets.xcassets */,
				EE5B622C28F86C24009B422D /* Preview Content */,
			);
			path = PIHomeAssignment;
			sourceTree = "<group>";
		};
		EE5B622C28F86C24009B422D /* Preview Content */ = {
			isa = PBXGroup;
			children = (
				EE5B622D28F86C24009B422D /* Preview Assets.xcassets */,
			);
			path = "Preview Content";
			sourceTree = "<group>";
		};
		EE5B623528F87377009B422D /* R */ = {
			isa = PBXGroup;
			children = (
				EE5B623628F87394009B422D /* R.generated.swift */,
				EE5B623828F873FB009B422D /* RSwiftExtensions.swift */,
			);
			path = R;
			sourceTree = "<group>";
		};
		EE5B623A28F87466009B422D /* Coordinators */ = {
			isa = PBXGroup;
			children = (
				EE5B623B28F87478009B422D /* MainCoordinator.swift */,
				EE5B623D28F87515009B422D /* TabBarCoordinator.swift */,
				EE4FC46528F9ABBE0078C60C /* MarketCoordinator.swift */,
			);
			path = Coordinators;
			sourceTree = "<group>";
		};
		EE5B623F28F8766F009B422D /* Scenes */ = {
			isa = PBXGroup;
			children = (
				EE4FC46228F9AB890078C60C /* Market */,
				EE5B625328F95537009B422D /* Profile */,
				EE5B624028F87674009B422D /* Onboarding */,
			);
			path = Scenes;
			sourceTree = "<group>";
		};
		EE5B624028F87674009B422D /* Onboarding */ = {
			isa = PBXGroup;
			children = (
				EE5B624128F87688009B422D /* OnboardingView.swift */,
				EE5B624328F87A43009B422D /* OnboardingPresentationManager.swift */,
				EE5B624828F8A058009B422D /* OnboardingPageView.swift */,
			);
			path = Onboarding;
			sourceTree = "<group>";
		};
		EE5B624528F87AC5009B422D /* Utility */ = {
			isa = PBXGroup;
			children = (
				EE4FC46B28F9F8120078C60C /* Extensions */,
				EE5B624628F87B0B009B422D /* UserDefaultsHelper.swift */,
				EE5B625028F8AD3B009B422D /* Constants.swift */,
			);
			path = Utility;
			sourceTree = "<group>";
		};
		EE5B625328F95537009B422D /* Profile */ = {
			isa = PBXGroup;
			children = (
				EE5B625428F95554009B422D /* ProfileView.swift */,
				EE5B625628F95610009B422D /* ProfileHeaderView.swift */,
				EE5B625828F95621009B422D /* ProfileBalanceView.swift */,
				EE4FC45628F978250078C60C /* ProfileTrandingView.swift */,
				EE4FC45A28F97F3D0078C60C /* ProfileTrandingCell.swift */,
				EE4FC45C28F987050078C60C /* ProfileArticlesView.swift */,
				EE4FC46028F9A1DD0078C60C /* ProfileArticleCell.swift */,
				EE6C036A28FACDBB00FEC9B7 /* ProfileViewModel.swift */,
			);
			path = Profile;
			sourceTree = "<group>";
		};
		EE5B625C28F9566A009B422D /* Models */ = {
			isa = PBXGroup;
			children = (
				EE5B625D28F9567B009B422D /* User.swift */,
				EE4FC45828F979B40078C60C /* Currency.swift */,
				EE4FC45E28F987300078C60C /* Article.swift */,
			);
			path = Models;
			sourceTree = "<group>";
		};
		EE6C035628FAC8F600FEC9B7 /* Repositories */ = {
			isa = PBXGroup;
			children = (
				EE6C037228FB54AD00FEC9B7 /* CurrenciesRepository */,
				EE6C035828FAC92900FEC9B7 /* RepositoryProvider.swift */,
				EE6C035728FAC8FF00FEC9B7 /* ArticelsRepository */,
			);
			path = Repositories;
			sourceTree = "<group>";
		};
		EE6C035728FAC8FF00FEC9B7 /* ArticelsRepository */ = {
			isa = PBXGroup;
			children = (
				EE6C035A28FAC9DD00FEC9B7 /* ArticlesWebRepository.swift */,
				EE6C035C28FAC9EE00FEC9B7 /* ArticlesMemoryRepository.swift */,
				EE6C035E28FACA0600FEC9B7 /* ArticlesRepositoryProtocol.swift */,
				EE6C036028FACA1D00FEC9B7 /* ArticlesEndpoint.swift */,
			);
			path = ArticelsRepository;
			sourceTree = "<group>";
		};
		EE6C036228FACC2700FEC9B7 /* DependencyInjection */ = {
			isa = PBXGroup;
			children = (
				EE6C036C28FACE6B00FEC9B7 /* Scenes */,
				EE6C036528FACC6500FEC9B7 /* Repositories */,
				EE6C036328FACC4100FEC9B7 /* DependencyInjectionContainer.swift */,
			);
			path = DependencyInjection;
			sourceTree = "<group>";
		};
		EE6C036528FACC6500FEC9B7 /* Repositories */ = {
			isa = PBXGroup;
			children = (
				EE6C036628FACC8E00FEC9B7 /* RepositoriesAssembly.swift */,
				EE6C036828FACCAA00FEC9B7 /* ArticlesRepositoryAssembly.swift */,
				EE6C037928FB55CD00FEC9B7 /* CurrenciesRepositoryAssembly.swift */,
			);
			path = Repositories;
			sourceTree = "<group>";
		};
		EE6C036C28FACE6B00FEC9B7 /* Scenes */ = {
			isa = PBXGroup;
			children = (
				EE6C037028FACEC200FEC9B7 /* ProfileAssembly.swift */,
				EE6C036E28FACEA500FEC9B7 /* ScenesAssembly.swift */,
				EE6C037D28FB583D00FEC9B7 /* MarketAssembly.swift */,
			);
			path = Scenes;
			sourceTree = "<group>";
		};
		EE6C037228FB54AD00FEC9B7 /* CurrenciesRepository */ = {
			isa = PBXGroup;
			children = (
				EE6C037328FB54F100FEC9B7 /* CurrenciesWebRepository.swift */,
				EE6C037528FB550400FEC9B7 /* CurrenciesMemoryRepository.swift */,
				EE6C037728FB551A00FEC9B7 /* CurrenciesRepositoryProtocol.swift */,
			);
			path = CurrenciesRepository;
			sourceTree = "<group>";
		};
		EE6C037F28FB58C500FEC9B7 /* Modifiers */ = {
			isa = PBXGroup;
			children = (
				EE6C038028FB58D900FEC9B7 /* OnFirstAppearModifier.swift */,
				EE6C038428FB5A8700FEC9B7 /* EmptyDataViewModifier.swift */,
			);
			path = Modifiers;
			sourceTree = "<group>";
		};
/* End PBXGroup section */

/* Begin PBXNativeTarget section */
		EE5B622228F86C1E009B422D /* PIHomeAssignment */ = {
			isa = PBXNativeTarget;
			buildConfigurationList = EE5B623128F86C24009B422D /* Build configuration list for PBXNativeTarget "PIHomeAssignment" */;
			buildPhases = (
				A3C27EB1AFAC988550DF2642 /* [CP] Check Pods Manifest.lock */,
				EE5B623428F8729E009B422D /* ShellScript */,
				EE5B621F28F86C1E009B422D /* Sources */,
				EE5B622028F86C1E009B422D /* Frameworks */,
				EE5B622128F86C1E009B422D /* Resources */,
				58CBEE4D1815247FA83F3AD9 /* [CP] Embed Pods Frameworks */,
			);
			buildRules = (
			);
			dependencies = (
			);
			name = PIHomeAssignment;
			productName = PIHomeAssignment;
			productReference = EE5B622328F86C1E009B422D /* PIHomeAssignment.app */;
			productType = "com.apple.product-type.application";
		};
/* End PBXNativeTarget section */

/* Begin PBXProject section */
		EE5B621B28F86C1E009B422D /* Project object */ = {
			isa = PBXProject;
			attributes = {
				BuildIndependentTargetsInParallel = 1;
				LastSwiftUpdateCheck = 1400;
				LastUpgradeCheck = 1400;
				TargetAttributes = {
					EE5B622228F86C1E009B422D = {
						CreatedOnToolsVersion = 14.0;
					};
				};
			};
			buildConfigurationList = EE5B621E28F86C1E009B422D /* Build configuration list for PBXProject "PIHomeAssignment" */;
			compatibilityVersion = "Xcode 14.0";
			developmentRegion = en;
			hasScannedForEncodings = 0;
			knownRegions = (
				en,
				Base,
			);
			mainGroup = EE5B621A28F86C1E009B422D;
			productRefGroup = EE5B622428F86C1E009B422D /* Products */;
			projectDirPath = "";
			projectRoot = "";
			targets = (
				EE5B622228F86C1E009B422D /* PIHomeAssignment */,
			);
		};
/* End PBXProject section */

/* Begin PBXResourcesBuildPhase section */
		EE5B622128F86C1E009B422D /* Resources */ = {
			isa = PBXResourcesBuildPhase;
			buildActionMask = 2147483647;
			files = (
				EE5B622E28F86C24009B422D /* Preview Assets.xcassets in Resources */,
				EE5B624C28F8A170009B422D /* Localizable.strings in Resources */,
				EE5B622B28F86C24009B422D /* Assets.xcassets in Resources */,
			);
			runOnlyForDeploymentPostprocessing = 0;
		};
/* End PBXResourcesBuildPhase section */

/* Begin PBXShellScriptBuildPhase section */
		58CBEE4D1815247FA83F3AD9 /* [CP] Embed Pods Frameworks */ = {
			isa = PBXShellScriptBuildPhase;
			buildActionMask = 2147483647;
			files = (
			);
			inputFileListPaths = (
				"${PODS_ROOT}/Target Support Files/Pods-PIHomeAssignment/Pods-PIHomeAssignment-frameworks-${CONFIGURATION}-input-files.xcfilelist",
			);
			name = "[CP] Embed Pods Frameworks";
			outputFileListPaths = (
				"${PODS_ROOT}/Target Support Files/Pods-PIHomeAssignment/Pods-PIHomeAssignment-frameworks-${CONFIGURATION}-output-files.xcfilelist",
			);
			runOnlyForDeploymentPostprocessing = 0;
			shellPath = /bin/sh;
			shellScript = "\"${PODS_ROOT}/Target Support Files/Pods-PIHomeAssignment/Pods-PIHomeAssignment-frameworks.sh\"\n";
			showEnvVarsInLog = 0;
		};
		A3C27EB1AFAC988550DF2642 /* [CP] Check Pods Manifest.lock */ = {
			isa = PBXShellScriptBuildPhase;
			buildActionMask = 2147483647;
			files = (
			);
			inputFileListPaths = (
			);
			inputPaths = (
				"${PODS_PODFILE_DIR_PATH}/Podfile.lock",
				"${PODS_ROOT}/Manifest.lock",
			);
			name = "[CP] Check Pods Manifest.lock";
			outputFileListPaths = (
			);
			outputPaths = (
				"$(DERIVED_FILE_DIR)/Pods-PIHomeAssignment-checkManifestLockResult.txt",
			);
			runOnlyForDeploymentPostprocessing = 0;
			shellPath = /bin/sh;
			shellScript = "diff \"${PODS_PODFILE_DIR_PATH}/Podfile.lock\" \"${PODS_ROOT}/Manifest.lock\" > /dev/null\nif [ $? != 0 ] ; then\n    # print error to STDERR\n    echo \"error: The sandbox is not in sync with the Podfile.lock. Run 'pod install' or update your CocoaPods installation.\" >&2\n    exit 1\nfi\n# This output is used by Xcode 'outputs' to avoid re-running this script phase.\necho \"SUCCESS\" > \"${SCRIPT_OUTPUT_FILE_0}\"\n";
			showEnvVarsInLog = 0;
		};
		EE5B623428F8729E009B422D /* ShellScript */ = {
			isa = PBXShellScriptBuildPhase;
			alwaysOutOfDate = 1;
			buildActionMask = 2147483647;
			files = (
			);
			inputFileListPaths = (
			);
			inputPaths = (
			);
			outputFileListPaths = (
			);
			outputPaths = (
				$SRCROOT/R.generated.swift,
			);
			runOnlyForDeploymentPostprocessing = 0;
			shellPath = /bin/sh;
			shellScript = "\"$PODS_ROOT/R.swift/rswift\" generate \"$SRCROOT/R.generated.swift\"\n";
		};
/* End PBXShellScriptBuildPhase section */

/* Begin PBXSourcesBuildPhase section */
		EE5B621F28F86C1E009B422D /* Sources */ = {
			isa = PBXSourcesBuildPhase;
			buildActionMask = 2147483647;
			files = (
				EE6C036428FACC4100FEC9B7 /* DependencyInjectionContainer.swift in Sources */,
				EE5B624928F8A058009B422D /* OnboardingPageView.swift in Sources */,
				EE4FC45928F979B40078C60C /* Currency.swift in Sources */,
				EE4FC45728F978250078C60C /* ProfileTrandingView.swift in Sources */,
				EE6C038128FB58D900FEC9B7 /* OnFirstAppearModifier.swift in Sources */,
				EE5B625128F8AD3B009B422D /* Constants.swift in Sources */,
				EE5B624728F87B0B009B422D /* UserDefaultsHelper.swift in Sources */,
				EE6C036B28FACDBB00FEC9B7 /* ProfileViewModel.swift in Sources */,
				EE6C035D28FAC9EE00FEC9B7 /* ArticlesMemoryRepository.swift in Sources */,
				EE6C035B28FAC9DD00FEC9B7 /* ArticlesWebRepository.swift in Sources */,
				EE6C037E28FB583D00FEC9B7 /* MarketAssembly.swift in Sources */,
				EE6C037C28FB567000FEC9B7 /* MarketViewModel.swift in Sources */,
				EE6C037128FACEC200FEC9B7 /* ProfileAssembly.swift in Sources */,
				EE5B624428F87A43009B422D /* OnboardingPresentationManager.swift in Sources */,
				EE4FC47628FA0F160078C60C /* MarketCurrencyDetailsAboutView.swift in Sources */,
				EE5B625E28F9567B009B422D /* User.swift in Sources */,
				EE6C037828FB551A00FEC9B7 /* CurrenciesRepositoryProtocol.swift in Sources */,
				EE6C036928FACCAA00FEC9B7 /* ArticlesRepositoryAssembly.swift in Sources */,
				EE6C037628FB550400FEC9B7 /* CurrenciesMemoryRepository.swift in Sources */,
				EE5B625528F95554009B422D /* ProfileView.swift in Sources */,
				EE4FC46A28F9C07C0078C60C /* MarketCurrencyDetailsView.swift in Sources */,
				EE4FC46F28F9FA8C0078C60C /* UITabBarExtensions.swift in Sources */,
				EE6C035F28FACA0600FEC9B7 /* ArticlesRepositoryProtocol.swift in Sources */,
				EE5B623928F873FB009B422D /* RSwiftExtensions.swift in Sources */,
				EE4FC46428F9ABA30078C60C /* MarketView.swift in Sources */,
				EE4FC46628F9ABBE0078C60C /* MarketCoordinator.swift in Sources */,
				EE4FC46828F9BB980078C60C /* MarketCurrencyCell.swift in Sources */,
				EE4FC47428FA09F60078C60C /* RoundedCornerShape.swift in Sources */,
				EE4FC45D28F987050078C60C /* ProfileArticlesView.swift in Sources */,
				EE6C037428FB54F100FEC9B7 /* CurrenciesWebRepository.swift in Sources */,
				EE6C036728FACC8E00FEC9B7 /* RepositoriesAssembly.swift in Sources */,
				EE4FC47128F9FC020078C60C /* MarketCurrencyDetailsHeaderView.swift in Sources */,
				EE5B625728F95610009B422D /* ProfileHeaderView.swift in Sources */,
				EE5B622928F86C1E009B422D /* ContentView.swift in Sources */,
				EE4FC46128F9A1DD0078C60C /* ProfileArticleCell.swift in Sources */,
				EE4FC47A28FA1B620078C60C /* MarketCurrencyDetailsCalculatorView.swift in Sources */,
				EE6C036F28FACEA500FEC9B7 /* ScenesAssembly.swift in Sources */,
				EE6C035928FAC92900FEC9B7 /* RepositoryProvider.swift in Sources */,
				EE4FC45B28F97F3D0078C60C /* ProfileTrandingCell.swift in Sources */,
				EE6C038728FB623900FEC9B7 /* MarketCurrencyDetailsCalculatorTextField.swift in Sources */,
				EE5B623E28F87515009B422D /* TabBarCoordinator.swift in Sources */,
				EE4FC45F28F987300078C60C /* Article.swift in Sources */,
				EE6C037A28FB55CD00FEC9B7 /* CurrenciesRepositoryAssembly.swift in Sources */,
				EE5B622728F86C1E009B422D /* PIHomeAssignmentApp.swift in Sources */,
				EE5B623C28F87478009B422D /* MainCoordinator.swift in Sources */,
				EE6C038928FB667F00FEC9B7 /* MarketCurrencyDetailsCalculatorButton.swift in Sources */,
				EE5B623728F87394009B422D /* R.generated.swift in Sources */,
				EE6C038528FB5A8700FEC9B7 /* EmptyDataViewModifier.swift in Sources */,
				EE5B625B28F9563C009B422D /* SectionHeaderView.swift in Sources */,
				EE4FC46D28F9F8390078C60C /* UINavigationBarExtensions.swift in Sources */,
				EE5B624228F87688009B422D /* OnboardingView.swift in Sources */,
				EE5B625928F95621009B422D /* ProfileBalanceView.swift in Sources */,
				EE4FC47828FA17E00078C60C /* MarketCurrencyDetailsFooterView.swift in Sources */,
				EE6C036128FACA1D00FEC9B7 /* ArticlesEndpoint.swift in Sources */,
			);
			runOnlyForDeploymentPostprocessing = 0;
		};
/* End PBXSourcesBuildPhase section */

/* Begin PBXVariantGroup section */
		EE5B624E28F8A170009B422D /* Localizable.strings */ = {
			isa = PBXVariantGroup;
			children = (
				EE5B624D28F8A170009B422D /* en */,
			);
			name = Localizable.strings;
			sourceTree = "<group>";
		};
/* End PBXVariantGroup section */

/* Begin XCBuildConfiguration section */
		EE5B622F28F86C24009B422D /* Debug */ = {
			isa = XCBuildConfiguration;
			buildSettings = {
				ALWAYS_SEARCH_USER_PATHS = NO;
				CLANG_ANALYZER_NONNULL = YES;
				CLANG_ANALYZER_NUMBER_OBJECT_CONVERSION = YES_AGGRESSIVE;
				CLANG_CXX_LANGUAGE_STANDARD = "gnu++20";
				CLANG_ENABLE_MODULES = YES;
				CLANG_ENABLE_OBJC_ARC = YES;
				CLANG_ENABLE_OBJC_WEAK = YES;
				CLANG_WARN_BLOCK_CAPTURE_AUTORELEASING = YES;
				CLANG_WARN_BOOL_CONVERSION = YES;
				CLANG_WARN_COMMA = YES;
				CLANG_WARN_CONSTANT_CONVERSION = YES;
				CLANG_WARN_DEPRECATED_OBJC_IMPLEMENTATIONS = YES;
				CLANG_WARN_DIRECT_OBJC_ISA_USAGE = YES_ERROR;
				CLANG_WARN_DOCUMENTATION_COMMENTS = YES;
				CLANG_WARN_EMPTY_BODY = YES;
				CLANG_WARN_ENUM_CONVERSION = YES;
				CLANG_WARN_INFINITE_RECURSION = YES;
				CLANG_WARN_INT_CONVERSION = YES;
				CLANG_WARN_NON_LITERAL_NULL_CONVERSION = YES;
				CLANG_WARN_OBJC_IMPLICIT_RETAIN_SELF = YES;
				CLANG_WARN_OBJC_LITERAL_CONVERSION = YES;
				CLANG_WARN_OBJC_ROOT_CLASS = YES_ERROR;
				CLANG_WARN_QUOTED_INCLUDE_IN_FRAMEWORK_HEADER = YES;
				CLANG_WARN_RANGE_LOOP_ANALYSIS = YES;
				CLANG_WARN_STRICT_PROTOTYPES = YES;
				CLANG_WARN_SUSPICIOUS_MOVE = YES;
				CLANG_WARN_UNGUARDED_AVAILABILITY = YES_AGGRESSIVE;
				CLANG_WARN_UNREACHABLE_CODE = YES;
				CLANG_WARN__DUPLICATE_METHOD_MATCH = YES;
				COPY_PHASE_STRIP = NO;
				DEBUG_INFORMATION_FORMAT = dwarf;
				ENABLE_STRICT_OBJC_MSGSEND = YES;
				ENABLE_TESTABILITY = YES;
				GCC_C_LANGUAGE_STANDARD = gnu11;
				GCC_DYNAMIC_NO_PIC = NO;
				GCC_NO_COMMON_BLOCKS = YES;
				GCC_OPTIMIZATION_LEVEL = 0;
				GCC_PREPROCESSOR_DEFINITIONS = (
					"DEBUG=1",
					"$(inherited)",
				);
				GCC_WARN_64_TO_32_BIT_CONVERSION = YES;
				GCC_WARN_ABOUT_RETURN_TYPE = YES_ERROR;
				GCC_WARN_UNDECLARED_SELECTOR = YES;
				GCC_WARN_UNINITIALIZED_AUTOS = YES_AGGRESSIVE;
				GCC_WARN_UNUSED_FUNCTION = YES;
				GCC_WARN_UNUSED_VARIABLE = YES;
				IPHONEOS_DEPLOYMENT_TARGET = 16.0;
				MTL_ENABLE_DEBUG_INFO = INCLUDE_SOURCE;
				MTL_FAST_MATH = YES;
				ONLY_ACTIVE_ARCH = YES;
				SDKROOT = iphoneos;
				SWIFT_ACTIVE_COMPILATION_CONDITIONS = DEBUG;
				SWIFT_OPTIMIZATION_LEVEL = "-Onone";
			};
			name = Debug;
		};
		EE5B623028F86C24009B422D /* Release */ = {
			isa = XCBuildConfiguration;
			buildSettings = {
				ALWAYS_SEARCH_USER_PATHS = NO;
				CLANG_ANALYZER_NONNULL = YES;
				CLANG_ANALYZER_NUMBER_OBJECT_CONVERSION = YES_AGGRESSIVE;
				CLANG_CXX_LANGUAGE_STANDARD = "gnu++20";
				CLANG_ENABLE_MODULES = YES;
				CLANG_ENABLE_OBJC_ARC = YES;
				CLANG_ENABLE_OBJC_WEAK = YES;
				CLANG_WARN_BLOCK_CAPTURE_AUTORELEASING = YES;
				CLANG_WARN_BOOL_CONVERSION = YES;
				CLANG_WARN_COMMA = YES;
				CLANG_WARN_CONSTANT_CONVERSION = YES;
				CLANG_WARN_DEPRECATED_OBJC_IMPLEMENTATIONS = YES;
				CLANG_WARN_DIRECT_OBJC_ISA_USAGE = YES_ERROR;
				CLANG_WARN_DOCUMENTATION_COMMENTS = YES;
				CLANG_WARN_EMPTY_BODY = YES;
				CLANG_WARN_ENUM_CONVERSION = YES;
				CLANG_WARN_INFINITE_RECURSION = YES;
				CLANG_WARN_INT_CONVERSION = YES;
				CLANG_WARN_NON_LITERAL_NULL_CONVERSION = YES;
				CLANG_WARN_OBJC_IMPLICIT_RETAIN_SELF = YES;
				CLANG_WARN_OBJC_LITERAL_CONVERSION = YES;
				CLANG_WARN_OBJC_ROOT_CLASS = YES_ERROR;
				CLANG_WARN_QUOTED_INCLUDE_IN_FRAMEWORK_HEADER = YES;
				CLANG_WARN_RANGE_LOOP_ANALYSIS = YES;
				CLANG_WARN_STRICT_PROTOTYPES = YES;
				CLANG_WARN_SUSPICIOUS_MOVE = YES;
				CLANG_WARN_UNGUARDED_AVAILABILITY = YES_AGGRESSIVE;
				CLANG_WARN_UNREACHABLE_CODE = YES;
				CLANG_WARN__DUPLICATE_METHOD_MATCH = YES;
				COPY_PHASE_STRIP = NO;
				DEBUG_INFORMATION_FORMAT = "dwarf-with-dsym";
				ENABLE_NS_ASSERTIONS = NO;
				ENABLE_STRICT_OBJC_MSGSEND = YES;
				GCC_C_LANGUAGE_STANDARD = gnu11;
				GCC_NO_COMMON_BLOCKS = YES;
				GCC_WARN_64_TO_32_BIT_CONVERSION = YES;
				GCC_WARN_ABOUT_RETURN_TYPE = YES_ERROR;
				GCC_WARN_UNDECLARED_SELECTOR = YES;
				GCC_WARN_UNINITIALIZED_AUTOS = YES_AGGRESSIVE;
				GCC_WARN_UNUSED_FUNCTION = YES;
				GCC_WARN_UNUSED_VARIABLE = YES;
				IPHONEOS_DEPLOYMENT_TARGET = 16.0;
				MTL_ENABLE_DEBUG_INFO = NO;
				MTL_FAST_MATH = YES;
				SDKROOT = iphoneos;
				SWIFT_COMPILATION_MODE = wholemodule;
				SWIFT_OPTIMIZATION_LEVEL = "-O";
				VALIDATE_PRODUCT = YES;
			};
			name = Release;
		};
		EE5B623228F86C24009B422D /* Debug */ = {
			isa = XCBuildConfiguration;
			baseConfigurationReference = 47840A4656F5063FEB1F2BCF /* Pods-PIHomeAssignment.debug.xcconfig */;
			buildSettings = {
				ASSETCATALOG_COMPILER_APPICON_NAME = AppIcon;
				ASSETCATALOG_COMPILER_GLOBAL_ACCENT_COLOR_NAME = AccentColor;
				CODE_SIGN_STYLE = Automatic;
				CURRENT_PROJECT_VERSION = 1;
				DEVELOPMENT_ASSET_PATHS = "\"PIHomeAssignment/Preview Content\"";
				ENABLE_PREVIEWS = YES;
				GENERATE_INFOPLIST_FILE = YES;
				INFOPLIST_FILE = PIHomeAssignment/Info.plist;
				INFOPLIST_KEY_UIApplicationSceneManifest_Generation = YES;
				INFOPLIST_KEY_UIApplicationSupportsIndirectInputEvents = YES;
				INFOPLIST_KEY_UILaunchScreen_Generation = YES;
				INFOPLIST_KEY_UISupportedInterfaceOrientations = UIInterfaceOrientationPortrait;
				IPHONEOS_DEPLOYMENT_TARGET = 14.0;
				LD_RUNPATH_SEARCH_PATHS = (
					"$(inherited)",
					"@executable_path/Frameworks",
				);
				MARKETING_VERSION = 1.0;
				PRODUCT_BUNDLE_IDENTIFIER = sz.PIHomeAssignment;
				PRODUCT_NAME = "$(TARGET_NAME)";
				SWIFT_EMIT_LOC_STRINGS = YES;
				SWIFT_VERSION = 5.0;
				TARGETED_DEVICE_FAMILY = "1,2";
			};
			name = Debug;
		};
		EE5B623328F86C24009B422D /* Release */ = {
			isa = XCBuildConfiguration;
			baseConfigurationReference = 913B1806666EED582ADCCB02 /* Pods-PIHomeAssignment.release.xcconfig */;
			buildSettings = {
				ASSETCATALOG_COMPILER_APPICON_NAME = AppIcon;
				ASSETCATALOG_COMPILER_GLOBAL_ACCENT_COLOR_NAME = AccentColor;
				CODE_SIGN_STYLE = Automatic;
				CURRENT_PROJECT_VERSION = 1;
				DEVELOPMENT_ASSET_PATHS = "\"PIHomeAssignment/Preview Content\"";
				ENABLE_PREVIEWS = YES;
				GENERATE_INFOPLIST_FILE = YES;
				INFOPLIST_FILE = PIHomeAssignment/Info.plist;
				INFOPLIST_KEY_UIApplicationSceneManifest_Generation = YES;
				INFOPLIST_KEY_UIApplicationSupportsIndirectInputEvents = YES;
				INFOPLIST_KEY_UILaunchScreen_Generation = YES;
				INFOPLIST_KEY_UISupportedInterfaceOrientations = UIInterfaceOrientationPortrait;
				IPHONEOS_DEPLOYMENT_TARGET = 14.0;
				LD_RUNPATH_SEARCH_PATHS = (
					"$(inherited)",
					"@executable_path/Frameworks",
				);
				MARKETING_VERSION = 1.0;
				PRODUCT_BUNDLE_IDENTIFIER = sz.PIHomeAssignment;
				PRODUCT_NAME = "$(TARGET_NAME)";
				SWIFT_EMIT_LOC_STRINGS = YES;
				SWIFT_VERSION = 5.0;
				TARGETED_DEVICE_FAMILY = "1,2";
			};
			name = Release;
		};
/* End XCBuildConfiguration section */

/* Begin XCConfigurationList section */
		EE5B621E28F86C1E009B422D /* Build configuration list for PBXProject "PIHomeAssignment" */ = {
			isa = XCConfigurationList;
			buildConfigurations = (
				EE5B622F28F86C24009B422D /* Debug */,
				EE5B623028F86C24009B422D /* Release */,
			);
			defaultConfigurationIsVisible = 0;
			defaultConfigurationName = Release;
		};
		EE5B623128F86C24009B422D /* Build configuration list for PBXNativeTarget "PIHomeAssignment" */ = {
			isa = XCConfigurationList;
			buildConfigurations = (
				EE5B623228F86C24009B422D /* Debug */,
				EE5B623328F86C24009B422D /* Release */,
			);
			defaultConfigurationIsVisible = 0;
			defaultConfigurationName = Release;
		};
/* End XCConfigurationList section */
	};
	rootObject = EE5B621B28F86C1E009B422D /* Project object */;
}
